Microsoft Visual Studio Solution File, Format Version 11.00
# Visual Studio 2008

Project("{96682D9C-9F1B-ED69-5DBF-9176D3EE234C}") = "Purify", "Assembly-CSharp-firstpass.csproj", "{9CFC7752-F52C-4DAF-F081-F7DEC86C570B}"
EndProject
Project("{96682D9C-9F1B-ED69-5DBF-9176D3EE234C}") = "Purify", "Assembly-CSharp.csproj", "{DD70901F-D16B-7D40-0082-1A73AFCB52FF}"
EndProject
Project("{96682D9C-9F1B-ED69-5DBF-9176D3EE234C}") = "Purify", "Assembly-CSharp-Editor.csproj", "{5274A47C-5643-7696-D80C-43FCB7A71337}"
EndProject
Global
	GlobalSection(SolutionConfigurationPlatforms) = preSolution
		Debug|Any CPU = Debug|Any CPU
		Release|Any CPU = Release|Any CPU
	EndGlobalSection
	GlobalSection(ProjectConfigurationPlatforms) = postSolution
		{9CFC7752-F52C-4DAF-F081-F7DEC86C570B}.Debug|Any CPU.ActiveCfg = Debug|Any CPU
		{9CFC7752-F52C-4DAF-F081-F7DEC86C570B}.Debug|Any CPU.Build.0 = Debug|Any CPU
		{9CFC7752-F52C-4DAF-F081-F7DEC86C570B}.Release|Any CPU.ActiveCfg = Release|Any CPU
		{9CFC7752-F52C-4DAF-F081-F7DEC86C570B}.Release|Any CPU.Build.0 = Release|Any CPU
		{DD70901F-D16B-7D40-0082-1A73AFCB52FF}.Debug|Any CPU.ActiveCfg = Debug|Any CPU
		{DD70901F-D16B-7D40-0082-1A73AFCB52FF}.Debug|Any CPU.Build.0 = Debug|Any CPU
		{DD70901F-D16B-7D40-0082-1A73AFCB52FF}.Release|Any CPU.ActiveCfg = Release|Any CPU
		{DD70901F-D16B-7D40-0082-1A73AFCB52FF}.Release|Any CPU.Build.0 = Release|Any CPU
		{5274A47C-5643-7696-D80C-43FCB7A71337}.Debug|Any CPU.ActiveCfg = Debug|Any CPU
		{5274A47C-5643-7696-D80C-43FCB7A71337}.Debug|Any CPU.Build.0 = Debug|Any CPU
		{5274A47C-5643-7696-D80C-43FCB7A71337}.Release|Any CPU.ActiveCfg = Release|Any CPU
		{5274A47C-5643-7696-D80C-43FCB7A71337}.Release|Any CPU.Build.0 = Release|Any CPU
	EndGlobalSection
	GlobalSection(SolutionProperties) = preSolution
		HideSolutionNode = FALSE
	EndGlobalSection
	GlobalSection(MonoDevelopProperties) = preSolution
		StartupItem = Assembly-CSharp.csproj
	EndGlobalSection
EndGlobal
